
Microsoft Visual Studio Solution File, Format Version 12.00
# Visual Studio 14
VisualStudioVersion = 14.0.25123.0
MinimumVisualStudioVersion = 10.0.40219.1
Project("{8BC9CEB8-8B4A-11D0-8D11-00A0C91BC942}") = "HelloWindow", "HelloWindow\HelloWindow.vcxproj", "{11761EB8-9064-454C-AD8B-19304E73B04D}"
EndProject
Project("{8BC9CEB8-8B4A-11D0-8D11-00A0C91BC942}") = "HellowTriangle", "HellowTriangle\HellowTriangle.vcxproj", "{644CD559-CCBC-4A51-8EBE-BD446CCAB14F}"
EndProject
Project("{8BC9CEB8-8B4A-11D0-8D11-00A0C91BC942}") = "HelloRectangle", "HelloRectangle\HelloRectangle.vcxproj", "{89B8CC7C-54D7-4073-9C10-3BE9D28DAC6B}"
EndProject
Project("{8BC9CEB8-8B4A-11D0-8D11-00A0C91BC942}") = "PolygonTest", "PolygonTest\PolygonTest.vcxproj", "{3A491222-5F94-427D-88CF-4F5A617E008C}"
EndProject
Project("{8BC9CEB8-8B4A-11D0-8D11-00A0C91BC942}") = "Shader", "Shader\Shader.vcxproj", "{A082552B-C9C1-4D31-82B3-3815C6F7C441}"
EndProject
Project("{8BC9CEB8-8B4A-11D0-8D11-00A0C91BC942}") = "Texture", "Texture\Texture.vcxproj", "{ED843266-E22A-4B93-8A30-6F8E4E70A167}"
EndProject
Project("{8BC9CEB8-8B4A-11D0-8D11-00A0C91BC942}") = "3D", "3D\3D.vcxproj", "{36C6502C-5C75-4E47-B137-DB94DA7BD7B2}"
EndProject
Project("{8BC9CEB8-8B4A-11D0-8D11-00A0C91BC942}") = "Camera", "Camera\Camera.vcxproj", "{1B58CDA6-1B00-4842-906E-D589DEFEC30E}"
EndProject
Project("{8BC9CEB8-8B4A-11D0-8D11-00A0C91BC942}") = "Delete", "Delete\Delete.vcxproj", "{17C150AF-F19A-403A-812B-40DC3F8F5FE3}"
EndProject
Project("{8BC9CEB8-8B4A-11D0-8D11-00A0C91BC942}") = "Light", "Light\Light.vcxproj", "{F185C5A8-649A-4140-9293-EEF5930AD9C5}"
EndProject
Project("{8BC9CEB8-8B4A-11D0-8D11-00A0C91BC942}") = "lightMap", "lightMap\lightMap.vcxproj", "{250E0F37-85F3-433D-BFBD-57F2BCD56E5F}"
EndProject
Project("{8BC9CEB8-8B4A-11D0-8D11-00A0C91BC942}") = "LightType", "LightType\LightType.vcxproj", "{EF7B0211-1502-4AF9-A836-544C76E7E57D}"
EndProject
Project("{8BC9CEB8-8B4A-11D0-8D11-00A0C91BC942}") = "ManyLights", "ManyLights\ManyLights.vcxproj", "{99526E83-9230-465B-93AC-62D1099F8C42}"
EndProject
Global
	GlobalSection(SolutionConfigurationPlatforms) = preSolution
		Debug|x64 = Debug|x64
		Debug|x86 = Debug|x86
		Release|x64 = Release|x64
		Release|x86 = Release|x86
	EndGlobalSection
	GlobalSection(ProjectConfigurationPlatforms) = postSolution
		{11761EB8-9064-454C-AD8B-19304E73B04D}.Debug|x64.ActiveCfg = Debug|x64
		{11761EB8-9064-454C-AD8B-19304E73B04D}.Debug|x64.Build.0 = Debug|x64
		{11761EB8-9064-454C-AD8B-19304E73B04D}.Debug|x86.ActiveCfg = Debug|Win32
		{11761EB8-9064-454C-AD8B-19304E73B04D}.Debug|x86.Build.0 = Debug|Win32
		{11761EB8-9064-454C-AD8B-19304E73B04D}.Release|x64.ActiveCfg = Release|x64
		{11761EB8-9064-454C-AD8B-19304E73B04D}.Release|x64.Build.0 = Release|x64
		{11761EB8-9064-454C-AD8B-19304E73B04D}.Release|x86.ActiveCfg = Release|Win32
		{11761EB8-9064-454C-AD8B-19304E73B04D}.Release|x86.Build.0 = Release|Win32
		{644CD559-CCBC-4A51-8EBE-BD446CCAB14F}.Debug|x64.ActiveCfg = Debug|x64
		{644CD559-CCBC-4A51-8EBE-BD446CCAB14F}.Debug|x64.Build.0 = Debug|x64
		{644CD559-CCBC-4A51-8EBE-BD446CCAB14F}.Debug|x86.ActiveCfg = Debug|Win32
		{644CD559-CCBC-4A51-8EBE-BD446CCAB14F}.Debug|x86.Build.0 = Debug|Win32
		{644CD559-CCBC-4A51-8EBE-BD446CCAB14F}.Release|x64.ActiveCfg = Release|x64
		{644CD559-CCBC-4A51-8EBE-BD446CCAB14F}.Release|x64.Build.0 = Release|x64
		{644CD559-CCBC-4A51-8EBE-BD446CCAB14F}.Release|x86.ActiveCfg = Release|Win32
		{644CD559-CCBC-4A51-8EBE-BD446CCAB14F}.Release|x86.Build.0 = Release|Win32
		{89B8CC7C-54D7-4073-9C10-3BE9D28DAC6B}.Debug|x64.ActiveCfg = Debug|x64
		{89B8CC7C-54D7-4073-9C10-3BE9D28DAC6B}.Debug|x64.Build.0 = Debug|x64
		{89B8CC7C-54D7-4073-9C10-3BE9D28DAC6B}.Debug|x86.ActiveCfg = Debug|Win32
		{89B8CC7C-54D7-4073-9C10-3BE9D28DAC6B}.Debug|x86.Build.0 = Debug|Win32
		{89B8CC7C-54D7-4073-9C10-3BE9D28DAC6B}.Release|x64.ActiveCfg = Release|x64
		{89B8CC7C-54D7-4073-9C10-3BE9D28DAC6B}.Release|x64.Build.0 = Release|x64
		{89B8CC7C-54D7-4073-9C10-3BE9D28DAC6B}.Release|x86.ActiveCfg = Release|Win32
		{89B8CC7C-54D7-4073-9C10-3BE9D28DAC6B}.Release|x86.Build.0 = Release|Win32
		{3A491222-5F94-427D-88CF-4F5A617E008C}.Debug|x64.ActiveCfg = Debug|x64
		{3A491222-5F94-427D-88CF-4F5A617E008C}.Debug|x64.Build.0 = Debug|x64
		{3A491222-5F94-427D-88CF-4F5A617E008C}.Debug|x86.ActiveCfg = Debug|Win32
		{3A491222-5F94-427D-88CF-4F5A617E008C}.Debug|x86.Build.0 = Debug|Win32
		{3A491222-5F94-427D-88CF-4F5A617E008C}.Release|x64.ActiveCfg = Release|x64
		{3A491222-5F94-427D-88CF-4F5A617E008C}.Release|x64.Build.0 = Release|x64
		{3A491222-5F94-427D-88CF-4F5A617E008C}.Release|x86.ActiveCfg = Release|Win32
		{3A491222-5F94-427D-88CF-4F5A617E008C}.Release|x86.Build.0 = Release|Win32
		{A082552B-C9C1-4D31-82B3-3815C6F7C441}.Debug|x64.ActiveCfg = Debug|x64
		{A082552B-C9C1-4D31-82B3-3815C6F7C441}.Debug|x64.Build.0 = Debug|x64
		{A082552B-C9C1-4D31-82B3-3815C6F7C441}.Debug|x86.ActiveCfg = Debug|Win32
		{A082552B-C9C1-4D31-82B3-3815C6F7C441}.Debug|x86.Build.0 = Debug|Win32
		{A082552B-C9C1-4D31-82B3-3815C6F7C441}.Release|x64.ActiveCfg = Release|x64
		{A082552B-C9C1-4D31-82B3-3815C6F7C441}.Release|x64.Build.0 = Release|x64
		{A082552B-C9C1-4D31-82B3-3815C6F7C441}.Release|x86.ActiveCfg = Release|Win32
		{A082552B-C9C1-4D31-82B3-3815C6F7C441}.Release|x86.Build.0 = Release|Win32
		{ED843266-E22A-4B93-8A30-6F8E4E70A167}.Debug|x64.ActiveCfg = Debug|x64
		{ED843266-E22A-4B93-8A30-6F8E4E70A167}.Debug|x64.Build.0 = Debug|x64
		{ED843266-E22A-4B93-8A30-6F8E4E70A167}.Debug|x86.ActiveCfg = Debug|Win32
		{ED843266-E22A-4B93-8A30-6F8E4E70A167}.Debug|x86.Build.0 = Debug|Win32
		{ED843266-E22A-4B93-8A30-6F8E4E70A167}.Release|x64.ActiveCfg = Release|x64
		{ED843266-E22A-4B93-8A30-6F8E4E70A167}.Release|x64.Build.0 = Release|x64
		{ED843266-E22A-4B93-8A30-6F8E4E70A167}.Release|x86.ActiveCfg = Release|Win32
		{ED843266-E22A-4B93-8A30-6F8E4E70A167}.Release|x86.Build.0 = Release|Win32
		{36C6502C-5C75-4E47-B137-DB94DA7BD7B2}.Debug|x64.ActiveCfg = Debug|x64
		{36C6502C-5C75-4E47-B137-DB94DA7BD7B2}.Debug|x64.Build.0 = Debug|x64
		{36C6502C-5C75-4E47-B137-DB94DA7BD7B2}.Debug|x86.ActiveCfg = Debug|Win32
		{36C6502C-5C75-4E47-B137-DB94DA7BD7B2}.Debug|x86.Build.0 = Debug|Win32
		{36C6502C-5C75-4E47-B137-DB94DA7BD7B2}.Release|x64.ActiveCfg = Release|x64
		{36C6502C-5C75-4E47-B137-DB94DA7BD7B2}.Release|x64.Build.0 = Release|x64
		{36C6502C-5C75-4E47-B137-DB94DA7BD7B2}.Release|x86.ActiveCfg = Release|Win32
		{36C6502C-5C75-4E47-B137-DB94DA7BD7B2}.Release|x86.Build.0 = Release|Win32
		{1B58CDA6-1B00-4842-906E-D589DEFEC30E}.Debug|x64.ActiveCfg = Debug|x64
		{1B58CDA6-1B00-4842-906E-D589DEFEC30E}.Debug|x64.Build.0 = Debug|x64
		{1B58CDA6-1B00-4842-906E-D589DEFEC30E}.Debug|x86.ActiveCfg = Debug|Win32
		{1B58CDA6-1B00-4842-906E-D589DEFEC30E}.Debug|x86.Build.0 = Debug|Win32
		{1B58CDA6-1B00-4842-906E-D589DEFEC30E}.Release|x64.ActiveCfg = Release|x64
		{1B58CDA6-1B00-4842-906E-D589DEFEC30E}.Release|x64.Build.0 = Release|x64
		{1B58CDA6-1B00-4842-906E-D589DEFEC30E}.Release|x86.ActiveCfg = Release|Win32
		{1B58CDA6-1B00-4842-906E-D589DEFEC30E}.Release|x86.Build.0 = Release|Win32
		{17C150AF-F19A-403A-812B-40DC3F8F5FE3}.Debug|x64.ActiveCfg = Debug|x64
		{17C150AF-F19A-403A-812B-40DC3F8F5FE3}.Debug|x64.Build.0 = Debug|x64
		{17C150AF-F19A-403A-812B-40DC3F8F5FE3}.Debug|x86.ActiveCfg = Debug|Win32
		{17C150AF-F19A-403A-812B-40DC3F8F5FE3}.Debug|x86.Build.0 = Debug|Win32
		{17C150AF-F19A-403A-812B-40DC3F8F5FE3}.Release|x64.ActiveCfg = Release|x64
		{17C150AF-F19A-403A-812B-40DC3F8F5FE3}.Release|x64.Build.0 = Release|x64
		{17C150AF-F19A-403A-812B-40DC3F8F5FE3}.Release|x86.ActiveCfg = Release|Win32
		{17C150AF-F19A-403A-812B-40DC3F8F5FE3}.Release|x86.Build.0 = Release|Win32
		{F185C5A8-649A-4140-9293-EEF5930AD9C5}.Debug|x64.ActiveCfg = Debug|x64
		{F185C5A8-649A-4140-9293-EEF5930AD9C5}.Debug|x64.Build.0 = Debug|x64
		{F185C5A8-649A-4140-9293-EEF5930AD9C5}.Debug|x86.ActiveCfg = Debug|Win32
		{F185C5A8-649A-4140-9293-EEF5930AD9C5}.Debug|x86.Build.0 = Debug|Win32
		{F185C5A8-649A-4140-9293-EEF5930AD9C5}.Release|x64.ActiveCfg = Release|x64
		{F185C5A8-649A-4140-9293-EEF5930AD9C5}.Release|x64.Build.0 = Release|x64
		{F185C5A8-649A-4140-9293-EEF5930AD9C5}.Release|x86.ActiveCfg = Release|Win32
		{F185C5A8-649A-4140-9293-EEF5930AD9C5}.Release|x86.Build.0 = Release|Win32
		{250E0F37-85F3-433D-BFBD-57F2BCD56E5F}.Debug|x64.ActiveCfg = Debug|x64
		{250E0F37-85F3-433D-BFBD-57F2BCD56E5F}.Debug|x64.Build.0 = Debug|x64
		{250E0F37-85F3-433D-BFBD-57F2BCD56E5F}.Debug|x86.ActiveCfg = Debug|Win32
		{250E0F37-85F3-433D-BFBD-57F2BCD56E5F}.Debug|x86.Build.0 = Debug|Win32
		{250E0F37-85F3-433D-BFBD-57F2BCD56E5F}.Release|x64.ActiveCfg = Release|x64
		{250E0F37-85F3-433D-BFBD-57F2BCD56E5F}.Release|x64.Build.0 = Release|x64
		{250E0F37-85F3-433D-BFBD-57F2BCD56E5F}.Release|x86.ActiveCfg = Release|Win32
		{250E0F37-85F3-433D-BFBD-57F2BCD56E5F}.Release|x86.Build.0 = Release|Win32
		{EF7B0211-1502-4AF9-A836-544C76E7E57D}.Debug|x64.ActiveCfg = Debug|x64
		{EF7B0211-1502-4AF9-A836-544C76E7E57D}.Debug|x64.Build.0 = Debug|x64
		{EF7B0211-1502-4AF9-A836-544C76E7E57D}.Debug|x86.ActiveCfg = Debug|Win32
		{EF7B0211-1502-4AF9-A836-544C76E7E57D}.Debug|x86.Build.0 = Debug|Win32
		{EF7B0211-1502-4AF9-A836-544C76E7E57D}.Release|x64.ActiveCfg = Release|x64
		{EF7B0211-1502-4AF9-A836-544C76E7E57D}.Release|x64.Build.0 = Release|x64
		{EF7B0211-1502-4AF9-A836-544C76E7E57D}.Release|x86.ActiveCfg = Release|Win32
		{EF7B0211-1502-4AF9-A836-544C76E7E57D}.Release|x86.Build.0 = Release|Win32
		{99526E83-9230-465B-93AC-62D1099F8C42}.Debug|x64.ActiveCfg = Debug|x64
		{99526E83-9230-465B-93AC-62D1099F8C42}.Debug|x64.Build.0 = Debug|x64
		{99526E83-9230-465B-93AC-62D1099F8C42}.Debug|x86.ActiveCfg = Debug|Win32
		{99526E83-9230-465B-93AC-62D1099F8C42}.Debug|x86.Build.0 = Debug|Win32
		{99526E83-9230-465B-93AC-62D1099F8C42}.Release|x64.ActiveCfg = Release|x64
		{99526E83-9230-465B-93AC-62D1099F8C42}.Release|x64.Build.0 = Release|x64
		{99526E83-9230-465B-93AC-62D1099F8C42}.Release|x86.ActiveCfg = Release|Win32
		{99526E83-9230-465B-93AC-62D1099F8C42}.Release|x86.Build.0 = Release|Win32
	EndGlobalSection
	GlobalSection(SolutionProperties) = preSolution
		HideSolutionNode = FALSE
	EndGlobalSection
EndGlobal
